
Microsoft Visual Studio Solution File, Format Version 12.00
Project("{FAE04EC0-301F-11D3-BF4B-00C04F79EFBC}") = "SemanticMocking.Abstractions", "SemanticMocking.Abstractions\SemanticMocking.Abstractions.csproj", "{61A58907-26A9-4A02-90CE-3E916A8C4F8C}"
EndProject
Project("{FAE04EC0-301F-11D3-BF4B-00C04F79EFBC}") = "SemanticMocking.Moq", "SemanticMocking.Moq\SemanticMocking.Moq.csproj", "{633FF7CC-2308-42E1-9083-5BBB679C80FB}"
EndProject
Project("{FAE04EC0-301F-11D3-BF4B-00C04F79EFBC}") = "SemanticMocking.Samples.Moq", "SemanticMocking.Samples.Moq\SemanticMocking.Samples.Moq.csproj", "{8C14149A-2C31-43CE-B4D0-D1B95FD278B3}"
EndProject
Global
	GlobalSection(SolutionConfigurationPlatforms) = preSolution
		Debug|Any CPU = Debug|Any CPU
		Release|Any CPU = Release|Any CPU
	EndGlobalSection
	GlobalSection(ProjectConfigurationPlatforms) = postSolution
		{61A58907-26A9-4A02-90CE-3E916A8C4F8C}.Debug|Any CPU.ActiveCfg = Debug|Any CPU
		{61A58907-26A9-4A02-90CE-3E916A8C4F8C}.Debug|Any CPU.Build.0 = Debug|Any CPU
		{61A58907-26A9-4A02-90CE-3E916A8C4F8C}.Release|Any CPU.ActiveCfg = Release|Any CPU
		{61A58907-26A9-4A02-90CE-3E916A8C4F8C}.Release|Any CPU.Build.0 = Release|Any CPU
		{633FF7CC-2308-42E1-9083-5BBB679C80FB}.Debug|Any CPU.ActiveCfg = Debug|Any CPU
		{633FF7CC-2308-42E1-9083-5BBB679C80FB}.Debug|Any CPU.Build.0 = Debug|Any CPU
		{633FF7CC-2308-42E1-9083-5BBB679C80FB}.Release|Any CPU.ActiveCfg = Release|Any CPU
		{633FF7CC-2308-42E1-9083-5BBB679C80FB}.Release|Any CPU.Build.0 = Release|Any CPU
		{8C14149A-2C31-43CE-B4D0-D1B95FD278B3}.Debug|Any CPU.ActiveCfg = Debug|Any CPU
		{8C14149A-2C31-43CE-B4D0-D1B95FD278B3}.Debug|Any CPU.Build.0 = Debug|Any CPU
		{8C14149A-2C31-43CE-B4D0-D1B95FD278B3}.Release|Any CPU.ActiveCfg = Release|Any CPU
		{8C14149A-2C31-43CE-B4D0-D1B95FD278B3}.Release|Any CPU.Build.0 = Release|Any CPU
	EndGlobalSection
EndGlobal
